
Microsoft Visual Studio Solution File, Format Version 12.00
# Visual Studio Version 17
VisualStudioVersion = 17.14.36221.1 d17.14
MinimumVisualStudioVersion = 10.0.40219.1
Project("{FAE04EC0-301F-11D3-BF4B-00C04F79EFBC}") = "DiaryApp", "DiaryApp\DiaryApp.csproj", "{20A4F1DF-1E92-4426-B8E7-EA951AC197CF}"
EndProject
Global
	GlobalSection(SolutionConfigurationPlatforms) = preSolution
		Debug|Any CPU = Debug|Any CPU
		Release|Any CPU = Release|Any CPU
	EndGlobalSection
	GlobalSection(ProjectConfigurationPlatforms) = postSolution
		{20A4F1DF-1E92-4426-B8E7-EA951AC197CF}.Debug|Any CPU.ActiveCfg = Debug|Any CPU
		{20A4F1DF-1E92-4426-B8E7-EA951AC197CF}.Debug|Any CPU.Build.0 = Debug|Any CPU
		{20A4F1DF-1E92-4426-B8E7-EA951AC197CF}.Release|Any CPU.ActiveCfg = Release|Any CPU
		{20A4F1DF-1E92-4426-B8E7-EA951AC197CF}.Release|Any CPU.Build.0 = Release|Any CPU
	EndGlobalSection
	GlobalSection(SolutionProperties) = preSolution
		HideSolutionNode = FALSE
	EndGlobalSection
	GlobalSection(ExtensibilityGlobals) = postSolution
		SolutionGuid = {3B23849A-F00B-42D0-9752-EDEF1F3CFCEC}
	EndGlobalSection
EndGlobal
